
Microsoft Visual Studio Solution File, Format Version 12.00
# Visual Studio Version 16
VisualStudioVersion = 16.0.29519.181
MinimumVisualStudioVersion = 10.0.40219.1
Project("{9A19103F-16F7-4668-BE54-9A1E7A4F7556}") = "DockerDefinitivo.Api", "DockerDefinitivo.Api\DockerDefinitivo.Api.csproj", "{C9107392-79DC-498D-86E8-73C04C256CFA}"
EndProject
Project("{E53339B2-1760-4266-BCC7-CA923CBCF16C}") = "docker-compose", "docker-compose.dcproj", "{C0234F62-8126-4555-8A82-1BFC787C2E5D}"
EndProject
Global
	GlobalSection(SolutionConfigurationPlatforms) = preSolution
		Debug|Any CPU = Debug|Any CPU
		Release|Any CPU = Release|Any CPU
	EndGlobalSection
	GlobalSection(ProjectConfigurationPlatforms) = postSolution
		{C9107392-79DC-498D-86E8-73C04C256CFA}.Debug|Any CPU.ActiveCfg = Debug|Any CPU
		{C9107392-79DC-498D-86E8-73C04C256CFA}.Debug|Any CPU.Build.0 = Debug|Any CPU
		{C9107392-79DC-498D-86E8-73C04C256CFA}.Release|Any CPU.ActiveCfg = Release|Any CPU
		{C9107392-79DC-498D-86E8-73C04C256CFA}.Release|Any CPU.Build.0 = Release|Any CPU
		{C0234F62-8126-4555-8A82-1BFC787C2E5D}.Debug|Any CPU.ActiveCfg = Debug|Any CPU
		{C0234F62-8126-4555-8A82-1BFC787C2E5D}.Debug|Any CPU.Build.0 = Debug|Any CPU
		{C0234F62-8126-4555-8A82-1BFC787C2E5D}.Release|Any CPU.ActiveCfg = Release|Any CPU
		{C0234F62-8126-4555-8A82-1BFC787C2E5D}.Release|Any CPU.Build.0 = Release|Any CPU
	EndGlobalSection
	GlobalSection(SolutionProperties) = preSolution
		HideSolutionNode = FALSE
	EndGlobalSection
	GlobalSection(ExtensibilityGlobals) = postSolution
		SolutionGuid = {23D452C1-1BFE-4FA4-84D7-4F1216711288}
	EndGlobalSection
EndGlobal
